// !$*UTF8*$!
{
	archiveVersion = 1;
	classes = {
	};
	objectVersion = 46;
	objects = {

/* Begin PBXBuildFile section */
		3819680F1C28960C00B7C6AC /* AppDelegate.swift in Sources */ = {isa = PBXBuildFile; fileRef = 3819680E1C28960C00B7C6AC /* AppDelegate.swift */; };
		381968111C28960C00B7C6AC /* ViewController.swift in Sources */ = {isa = PBXBuildFile; fileRef = 381968101C28960C00B7C6AC /* ViewController.swift */; };
		381968141C28960C00B7C6AC /* Main.storyboard in Resources */ = {isa = PBXBuildFile; fileRef = 381968121C28960C00B7C6AC /* Main.storyboard */; };
		381968161C28960C00B7C6AC /* Assets.xcassets in Resources */ = {isa = PBXBuildFile; fileRef = 381968151C28960C00B7C6AC /* Assets.xcassets */; };
		381968191C28960C00B7C6AC /* LaunchScreen.storyboard in Resources */ = {isa = PBXBuildFile; fileRef = 381968171C28960C00B7C6AC /* LaunchScreen.storyboard */; };
/* End PBXBuildFile section */

/* Begin PBXFileReference section */
		3819680B1C28960C00B7C6AC /* CDTests.app */ = {isa = PBXFileReference; explicitFileType = wrapper.application; includeInIndex = 0; path = CDTests.app; sourceTree = BUILT_PRODUCTS_DIR; };
		3819680E1C28960C00B7C6AC /* AppDelegate.swift */ = {isa = PBXFileReference; lastKnownFileType = sourcecode.swift; path = AppDelegate.swift; sourceTree = "<group>"; };
		381968101C28960C00B7C6AC /* ViewController.swift */ = {isa = PBXFileReference; lastKnownFileType = sourcecode.swift; path = ViewController.swift; sourceTree = "<group>"; };
		381968131C28960C00B7C6AC /* Base */ = {isa = PBXFileReference; lastKnownFileType = file.storyboard; name = Base; path = Base.lproj/Main.storyboard; sourceTree = "<group>"; };
		381968151C28960C00B7C6AC /* Assets.xcassets */ = {isa = PBXFileReference; lastKnownFileType = folder.assetcatalog; path = Assets.xcassets; sourceTree = "<group>"; };
		381968181C28960C00B7C6AC /* Base */ = {isa = PBXFileReference; lastKnownFileType = file.storyboard; name = Base; path = Base.lproj/LaunchScreen.storyboard; sourceTree = "<group>"; };
		3819681A1C28960C00B7C6AC /* Info.plist */ = {isa = PBXFileReference; lastKnownFileType = text.plist.xml; path = Info.plist; sourceTree = "<group>"; };
/* End PBXFileReference section */

/* Begin PBXFrameworksBuildPhase section */
		381968081C28960C00B7C6AC /* Frameworks */ = {
			isa = PBXFrameworksBuildPhase;
			buildActionMask = 2147483647;
			files = (
			);
			runOnlyForDeploymentPostprocessing = 0;
		};
/* End PBXFrameworksBuildPhase section */

/* Begin PBXGroup section */
		381968021C28960C00B7C6AC = {
			isa = PBXGroup;
			children = (
				3819680D1C28960C00B7C6AC /* CDTests */,
				3819680C1C28960C00B7C6AC /* Products */,
			);
			sourceTree = "<group>";
		};
		3819680C1C28960C00B7C6AC /* Products */ = {
			isa = PBXGroup;
			children = (
				3819680B1C28960C00B7C6AC /* CDTests.app */,
			);
			name = Products;
			sourceTree = "<group>";
		};
		3819680D1C28960C00B7C6AC /* CDTests */ = {
			isa = PBXGroup;
			children = (
				3819680E1C28960C00B7C6AC /* AppDelegate.swift */,
				381968101C28960C00B7C6AC /* ViewController.swift */,
				381968121C28960C00B7C6AC /* Main.storyboard */,
				381968151C28960C00B7C6AC /* Assets.xcassets */,
				381968171C28960C00B7C6AC /* LaunchScreen.storyboard */,
				3819681A1C28960C00B7C6AC /* Info.plist */,
			);
			path = CDTests;
			sourceTree = "<group>";
		};
/* End PBXGroup section */

/* Begin PBXNativeTarget section */
		3819680A1C28960C00B7C6AC /* CDTests */ = {
			isa = PBXNativeTarget;
			buildConfigurationList = 3819681D1C28960C00B7C6AC /* Build configuration list for PBXNativeTarget "CDTests" */;
			buildPhases = (
				381968071C28960C00B7C6AC /* Sources */,
				381968081C28960C00B7C6AC /* Frameworks */,
				381968091C28960C00B7C6AC /* Resources */,
			);
			buildRules = (
			);
			dependencies = (
			);
			name = CDTests;
			productName = CDTests;
			productReference = 3819680B1C28960C00B7C6AC /* CDTests.app */;
			productType = "com.apple.product-type.application";
		};
/* End PBXNativeTarget section */

/* Begin PBXProject section */
		381968031C28960C00B7C6AC /* Project object */ = {
			isa = PBXProject;
			attributes = {
				LastSwiftUpdateCheck = 0720;
				LastUpgradeCheck = 0720;
				ORGANIZATIONNAME = "Worth Baker";
				TargetAttributes = {
					3819680A1C28960C00B7C6AC = {
						CreatedOnToolsVersion = 7.2;
					};
				};
			};
			buildConfigurationList = 381968061C28960C00B7C6AC /* Build configuration list for PBXProject "CDTests" */;
			compatibilityVersion = "Xcode 3.2";
			developmentRegion = English;
			hasScannedForEncodings = 0;
			knownRegions = (
				en,
				Base,
			);
			mainGroup = 381968021C28960C00B7C6AC;
			productRefGroup = 3819680C1C28960C00B7C6AC /* Products */;
			projectDirPath = "";
			projectRoot = "";
			targets = (
				3819680A1C28960C00B7C6AC /* CDTests */,
			);
		};
/* End PBXProject section */

/* Begin PBXResourcesBuildPhase section */
		381968091C28960C00B7C6AC /* Resources */ = {
			isa = PBXResourcesBuildPhase;
			buildActionMask = 2147483647;
			files = (
				381968191C28960C00B7C6AC /* LaunchScreen.storyboard in Resources */,
				381968161C28960C00B7C6AC /* Assets.xcassets in Resources */,
				381968141C28960C00B7C6AC /* Main.storyboard in Resources */,
			);
			runOnlyForDeploymentPostprocessing = 0;
		};
/* End PBXResourcesBuildPhase section */

/* Begin PBXSourcesBuildPhase section */
		381968071C28960C00B7C6AC /* Sources */ = {
			isa = PBXSourcesBuildPhase;
			buildActionMask = 2147483647;
			files = (
				381968111C28960C00B7C6AC /* ViewController.swift in Sources */,
				3819680F1C28960C00B7C6AC /* AppDelegate.swift in Sources */,
			);
			runOnlyForDeploymentPostprocessing = 0;
		};
/* End PBXSourcesBuildPhase section */

/* Begin PBXVariantGroup section */
		381968121C28960C00B7C6AC /* Main.storyboard */ = {
			isa = PBXVariantGroup;
			children = (
				381968131C28960C00B7C6AC /* Base */,
			);
			name = Main.storyboard;
			sourceTree = "<group>";
		};
		381968171C28960C00B7C6AC /* LaunchScreen.storyboard */ = {
			isa = PBXVariantGroup;
			children = (
				381968181C28960C00B7C6AC /* Base */,
			);
			name = LaunchScreen.storyboard;
			sourceTree = "<group>";
		};
/* End PBXVariantGroup section */

/* Begin XCBuildConfiguration section */
		3819681B1C28960C00B7C6AC /* Debug */ = {
			isa = XCBuildConfiguration;
			buildSettings = {
				ALWAYS_SEARCH_USER_PATHS = NO;
				CLANG_CXX_LANGUAGE_STANDARD = "gnu++0x";
				CLANG_CXX_LIBRARY = "libc++";
				CLANG_ENABLE_MODULES = YES;
				CLANG_ENABLE_OBJC_ARC = YES;
				CLANG_WARN_BOOL_CONVERSION = YES;
				CLANG_WARN_CONSTANT_CONVERSION = YES;
				CLANG_WARN_DIRECT_OBJC_ISA_USAGE = YES_ERROR;
				CLANG_WARN_EMPTY_BODY = YES;
				CLANG_WARN_ENUM_CONVERSION = YES;
				CLANG_WARN_INT_CONVERSION = YES;
				CLANG_WARN_OBJC_ROOT_CLASS = YES_ERROR;
				CLANG_WARN_UNREACHABLE_CODE = YES;
				CLANG_WARN__DUPLICATE_METHOD_MATCH = YES;
				"CODE_SIGN_IDENTITY[sdk=iphoneos*]" = "iPhone Developer";
				COPY_PHASE_STRIP = NO;
				DEBUG_INFORMATION_FORMAT = dwarf;
				ENABLE_STRICT_OBJC_MSGSEND = YES;
				ENABLE_TESTABILITY = YES;
				GCC_C_LANGUAGE_STANDARD = gnu99;
				GCC_DYNAMIC_NO_PIC = NO;
				GCC_NO_COMMON_BLOCKS = YES;
				GCC_OPTIMIZATION_LEVEL = 0;
				GCC_PREPROCESSOR_DEFINITIONS = (
					"DEBUG=1",
					"$(inherited)",
				);
				GCC_WARN_64_TO_32_BIT_CONVERSION = YES;
				GCC_WARN_ABOUT_RETURN_TYPE = YES_ERROR;
				GCC_WARN_UNDECLARED_SELECTOR = YES;
				GCC_WARN_UNINITIALIZED_AUTOS = YES_AGGRESSIVE;
				GCC_WARN_UNUSED_FUNCTION = YES;
				GCC_WARN_UNUSED_VARIABLE = YES;
				IPHONEOS_DEPLOYMENT_TARGET = 9.2;
				MTL_ENABLE_DEBUG_INFO = YES;
				ONLY_ACTIVE_ARCH = YES;
				SDKROOT = iphoneos;
				SWIFT_OPTIMIZATION_LEVEL = "-Onone";
			};
			name = Debug;
		};
		3819681C1C28960C00B7C6AC /* Release */ = {
			isa = XCBuildConfiguration;
			buildSettings = {
				ALWAYS_SEARCH_USER_PATHS = NO;
				CLANG_CXX_LANGUAGE_STANDARD = "gnu++0x";
				CLANG_CXX_LIBRARY = "libc++";
				CLANG_ENABLE_MODULES = YES;
				CLANG_ENABLE_OBJC_ARC = YES;
				CLANG_WARN_BOOL_CONVERSION = YES;
				CLANG_WARN_CONSTANT_CONVERSION = YES;
				CLANG_WARN_DIRECT_OBJC_ISA_USAGE = YES_ERROR;
				CLANG_WARN_EMPTY_BODY = YES;
				CLANG_WARN_ENUM_CONVERSION = YES;
				CLANG_WARN_INT_CONVERSION = YES;
				CLANG_WARN_OBJC_ROOT_CLASS = YES_ERROR;
				CLANG_WARN_UNREACHABLE_CODE = YES;
				CLANG_WARN__DUPLICATE_METHOD_MATCH = YES;
				"CODE_SIGN_IDENTITY[sdk=iphoneos*]" = "iPhone Developer";
				COPY_PHASE_STRIP = NO;
				DEBUG_INFORMATION_FORMAT = "dwarf-with-dsym";
				ENABLE_NS_ASSERTIONS = NO;
				ENABLE_STRICT_OBJC_MSGSEND = YES;
				GCC_C_LANGUAGE_STANDARD = gnu99;
				GCC_NO_COMMON_BLOCKS = YES;
				GCC_WARN_64_TO_32_BIT_CONVERSION = YES;
				GCC_WARN_ABOUT_RETURN_TYPE = YES_ERROR;
				GCC_WARN_UNDECLARED_SELECTOR = YES;
				GCC_WARN_UNINITIALIZED_AUTOS = YES_AGGRESSIVE;
				GCC_WARN_UNUSED_FUNCTION = YES;
				GCC_WARN_UNUSED_VARIABLE = YES;
				IPHONEOS_DEPLOYMENT_TARGET = 9.2;
				MTL_ENABLE_DEBUG_INFO = NO;
				SDKROOT = iphoneos;
				VALIDATE_PRODUCT = YES;
			};
			name = Release;
		};
		3819681E1C28960C00B7C6AC /* Debug */ = {
			isa = XCBuildConfiguration;
			buildSettings = {
				ASSETCATALOG_COMPILER_APPICON_NAME = AppIcon;
				INFOPLIST_FILE = CDTests/Info.plist;
				LD_RUNPATH_SEARCH_PATHS = "$(inherited) @executable_path/Frameworks";
				PRODUCT_BUNDLE_IDENTIFIER = worthbak.CDTests;
				PRODUCT_NAME = "$(TARGET_NAME)";
			};
			name = Debug;
		};
		3819681F1C28960C00B7C6AC /* Release */ = {
			isa = XCBuildConfiguration;
			buildSettings = {
				ASSETCATALOG_COMPILER_APPICON_NAME = AppIcon;
				INFOPLIST_FILE = CDTests/Info.plist;
				LD_RUNPATH_SEARCH_PATHS = "$(inherited) @executable_path/Frameworks";
				PRODUCT_BUNDLE_IDENTIFIER = worthbak.CDTests;
				PRODUCT_NAME = "$(TARGET_NAME)";
			};
			name = Release;
		};
/* End XCBuildConfiguration section */

/* Begin XCConfigurationList section */
		381968061C28960C00B7C6AC /* Build configuration list for PBXProject "CDTests" */ = {
			isa = XCConfigurationList;
			buildConfigurations = (
				3819681B1C28960C00B7C6AC /* Debug */,
				3819681C1C28960C00B7C6AC /* Release */,
			);
			defaultConfigurationIsVisible = 0;
			defaultConfigurationName = Release;
		};
		3819681D1C28960C00B7C6AC /* Build configuration list for PBXNativeTarget "CDTests" */ = {
			isa = XCConfigurationList;
			buildConfigurations = (
				3819681E1C28960C00B7C6AC /* Debug */,
				3819681F1C28960C00B7C6AC /* Release */,
			);
			defaultConfigurationIsVisible = 0;
		};
/* End XCConfigurationList section */
	};
	rootObject = 381968031C28960C00B7C6AC /* Project object */;
}
